
Microsoft Visual Studio Solution File, Format Version 12.00
# Visual Studio Version 16
VisualStudioVersion = 16.0.30406.217
MinimumVisualStudioVersion = 10.0.40219.1
Project("{9A19103F-16F7-4668-BE54-9A1E7A4F7556}") = "HelloWorld", "HelloWorld\HelloWorld.csproj", "{A79F990C-0A40-4761-BB0B-848C1B4C460D}"
EndProject
Project("{9A19103F-16F7-4668-BE54-9A1E7A4F7556}") = "ContainerApp", "ContainerApp\ContainerApp.csproj", "{839C12E4-724D-47F8-8AE7-B8EF460CB30B}"
EndProject
Project("{9A19103F-16F7-4668-BE54-9A1E7A4F7556}") = "DependencyInjection", "DependencyInjection\DependencyInjection.csproj", "{F8DE8422-5EE7-4213-85C4-F34D178BB2B3}"
EndProject
Project("{9A19103F-16F7-4668-BE54-9A1E7A4F7556}") = "FileSystem", "FileSystem\FileSystem.csproj", "{94E04FC0-5786-4C3D-A765-721484F546AD}"
EndProject
Project("{FAE04EC0-301F-11D3-BF4B-00C04F79EFBC}") = "Confguration", "Confguration\Confguration.csproj", "{2043B742-3490-4B1B-918A-735B0BA1632A}"
EndProject
Project("{2150E333-8FDC-42A3-9474-1A3956D46DE8}") = "Solution Items", "Solution Items", "{94B8C435-B24B-4996-9EC7-372F2EC9AA3E}"
EndProject
Global
	GlobalSection(SolutionConfigurationPlatforms) = preSolution
		Debug|Any CPU = Debug|Any CPU
		Release|Any CPU = Release|Any CPU
	EndGlobalSection
	GlobalSection(ProjectConfigurationPlatforms) = postSolution
		{A79F990C-0A40-4761-BB0B-848C1B4C460D}.Debug|Any CPU.ActiveCfg = Debug|Any CPU
		{A79F990C-0A40-4761-BB0B-848C1B4C460D}.Debug|Any CPU.Build.0 = Debug|Any CPU
		{A79F990C-0A40-4761-BB0B-848C1B4C460D}.Release|Any CPU.ActiveCfg = Release|Any CPU
		{A79F990C-0A40-4761-BB0B-848C1B4C460D}.Release|Any CPU.Build.0 = Release|Any CPU
		{839C12E4-724D-47F8-8AE7-B8EF460CB30B}.Debug|Any CPU.ActiveCfg = Debug|Any CPU
		{839C12E4-724D-47F8-8AE7-B8EF460CB30B}.Debug|Any CPU.Build.0 = Debug|Any CPU
		{839C12E4-724D-47F8-8AE7-B8EF460CB30B}.Release|Any CPU.ActiveCfg = Release|Any CPU
		{839C12E4-724D-47F8-8AE7-B8EF460CB30B}.Release|Any CPU.Build.0 = Release|Any CPU
		{F8DE8422-5EE7-4213-85C4-F34D178BB2B3}.Debug|Any CPU.ActiveCfg = Debug|Any CPU
		{F8DE8422-5EE7-4213-85C4-F34D178BB2B3}.Debug|Any CPU.Build.0 = Debug|Any CPU
		{F8DE8422-5EE7-4213-85C4-F34D178BB2B3}.Release|Any CPU.ActiveCfg = Release|Any CPU
		{F8DE8422-5EE7-4213-85C4-F34D178BB2B3}.Release|Any CPU.Build.0 = Release|Any CPU
		{94E04FC0-5786-4C3D-A765-721484F546AD}.Debug|Any CPU.ActiveCfg = Debug|Any CPU
		{94E04FC0-5786-4C3D-A765-721484F546AD}.Debug|Any CPU.Build.0 = Debug|Any CPU
		{94E04FC0-5786-4C3D-A765-721484F546AD}.Release|Any CPU.ActiveCfg = Release|Any CPU
		{94E04FC0-5786-4C3D-A765-721484F546AD}.Release|Any CPU.Build.0 = Release|Any CPU
		{2043B742-3490-4B1B-918A-735B0BA1632A}.Debug|Any CPU.ActiveCfg = Debug|Any CPU
		{2043B742-3490-4B1B-918A-735B0BA1632A}.Debug|Any CPU.Build.0 = Debug|Any CPU
		{2043B742-3490-4B1B-918A-735B0BA1632A}.Release|Any CPU.ActiveCfg = Release|Any CPU
		{2043B742-3490-4B1B-918A-735B0BA1632A}.Release|Any CPU.Build.0 = Release|Any CPU
	EndGlobalSection
	GlobalSection(SolutionProperties) = preSolution
		HideSolutionNode = FALSE
	EndGlobalSection
	GlobalSection(ExtensibilityGlobals) = postSolution
		SolutionGuid = {58116DBD-7B3D-4FA4-A878-116807AF6571}
	EndGlobalSection
EndGlobal
